{
    "_readme": [
        "This file locks the dependencies of your project to a known state",
        "Read more about it at https://getcomposer.org/doc/01-basic-usage.md#installing-dependencies",
        "This file is @generated automatically"
    ],
    "content-hash": "368c30685301dca01f9e36e6a41044ef",
    "packages": [
        {
            "name": "container-interop/container-interop",
            "version": "1.2.0",
            "source": {
                "type": "git",
                "url": "https://github.com/container-interop/container-interop.git",
                "reference": "79cbf1341c22ec75643d841642dd5d6acd83bdb8"
            },
            "dist": {
                "type": "zip",
                "url": "https://api.github.com/repos/container-interop/container-interop/zipball/79cbf1341c22ec75643d841642dd5d6acd83bdb8",
                "reference": "79cbf1341c22ec75643d841642dd5d6acd83bdb8",
                "shasum": ""
            },
            "require": {
                "psr/container": "^1.0"
            },
            "type": "library",
            "autoload": {
                "psr-4": {
                    "Interop\\Container\\": "src/Interop/Container/"
                }
            },
            "notification-url": "https://packagist.org/downloads/",
            "license": [
                "MIT"
            ],
            "description": "Promoting the interoperability of container objects (DIC, SL, etc.)",
            "homepage": "https://github.com/container-interop/container-interop",
            "support": {
                "issues": "https://github.com/container-interop/container-interop/issues",
                "source": "https://github.com/container-interop/container-interop/tree/master"
            },
            "abandoned": "psr/container",
            "time": "2017-02-14T19:40:03+00:00"
        },
        {
            "name": "datto/json-rpc",
            "version": "6.1.0",
            "source": {
                "type": "git",
                "url": "https://github.com/datto/php-json-rpc.git",
                "reference": "ad4d735f48d80c6b53f7405e5007d97c996533f6"
            },
            "dist": {
                "type": "zip",
                "url": "https://api.github.com/repos/datto/php-json-rpc/zipball/ad4d735f48d80c6b53f7405e5007d97c996533f6",
                "reference": "ad4d735f48d80c6b53f7405e5007d97c996533f6",
                "shasum": ""
            },
            "require": {
                "php": ">=7.0.0"
            },
            "require-dev": {
                "phpunit/phpunit": "^6.5"
            },
            "type": "library",
            "autoload": {
                "psr-4": {
                    "Datto\\JsonRpc\\": "src"
                }
            },
            "notification-url": "https://packagist.org/downloads/",
            "license": [
                "LGPL-3.0+"
            ],
            "authors": [
                {
                    "name": "Spencer Mortensen",
                    "email": "smortensen@datto.com",
                    "homepage": "http://spencermortensen.com",
                    "role": "Developer"
                }
            ],
            "description": "Fully unit-tested JSON-RPC 2.0 for PHP",
            "homepage": "http://datto.com",
            "keywords": [
                "json",
                "json-rpc",
                "jsonrpc",
                "php",
                "php-json-rpc",
                "rpc"
            ],
            "support": {
                "issues": "https://github.com/datto/php-json-rpc/issues",
                "source": "https://github.com/datto/php-json-rpc/tree/6.1.0"
            },
            "time": "2020-02-28T23:54:06+00:00"
        },
        {
            "name": "datto/json-rpc-http",
            "version": "5.0.6",
            "source": {
                "type": "git",
                "url": "https://github.com/datto/php-json-rpc-http.git",
                "reference": "db15a075f3562c4e8d297b9082acc5b2869bd4b4"
            },
            "dist": {
                "type": "zip",
                "url": "https://api.github.com/repos/datto/php-json-rpc-http/zipball/db15a075f3562c4e8d297b9082acc5b2869bd4b4",
                "reference": "db15a075f3562c4e8d297b9082acc5b2869bd4b4",
                "shasum": ""
            },
            "require": {
                "datto/json-rpc": "~6.1",
                "php": ">=7.0.0"
            },
            "type": "library",
            "autoload": {
                "psr-4": {
                    "Datto\\JsonRpc\\Http\\": "src",
                    "Datto\\JsonRpc\\Http\\Examples\\": "examples/src"
                }
            },
            "notification-url": "https://packagist.org/downloads/",
            "license": [
                "LGPL-3.0+"
            ],
            "authors": [
                {
                    "name": "Spencer Mortensen",
                    "email": "smortensen@datto.com",
                    "homepage": "http://spencermortensen.com",
                    "role": "Developer"
                }
            ],
            "description": "HTTP client and server for JSON-RPC 2.0",
            "homepage": "http://datto.com",
            "keywords": [
                "client",
                "http",
                "json",
                "json-rpc",
                "jsonrpc",
                "php",
                "php-json-rpc",
                "rpc",
                "server"
            ],
            "support": {
                "issues": "https://github.com/datto/php-json-rpc-http/issues",
                "source": "https://github.com/datto/php-json-rpc-http/tree/master"
            },
            "time": "2020-03-02T21:27:10+00:00"
        },
        {
            "name": "laminas/laminas-config",
            "version": "2.5.1",
            "source": {
                "type": "git",
                "url": "https://github.com/laminas/laminas-config.git",
                "reference": "6aa30b69d0e23f82fc70b2f104ea5f264a2124b9"
            },
            "dist": {
                "type": "zip",
                "url": "https://api.github.com/repos/laminas/laminas-config/zipball/6aa30b69d0e23f82fc70b2f104ea5f264a2124b9",
                "reference": "6aa30b69d0e23f82fc70b2f104ea5f264a2124b9",
                "shasum": ""
            },
            "require": {
                "laminas/laminas-stdlib": "~2.5",
                "laminas/laminas-zendframework-bridge": "^1.0",
                "php": ">=5.3.23"
            },
            "replace": {
                "zendframework/zend-config": "self.version"
            },
            "require-dev": {
                "fabpot/php-cs-fixer": "1.7.*",
                "laminas/laminas-filter": "~2.5",
                "laminas/laminas-i18n": "~2.5",
                "laminas/laminas-json": "~2.5",
                "laminas/laminas-mvc": "~2.5",
                "laminas/laminas-servicemanager": "~2.5",
                "phpunit/phpunit": "~4.0"
            },
            "suggest": {
                "laminas/laminas-filter": "Laminas\\Filter component",
                "laminas/laminas-i18n": "Laminas\\I18n component",
                "laminas/laminas-json": "Laminas\\Json to use the Json reader or writer classes",
                "laminas/laminas-servicemanager": "Laminas\\ServiceManager for use with the Config Factory to retrieve reader and writer instances"
            },
            "type": "library",
            "extra": {
                "branch-alias": {
                    "dev-master": "2.5-dev",
                    "dev-develop": "2.6-dev"
                }
            },
            "autoload": {
                "psr-4": {
                    "Laminas\\Config\\": "src/"
                }
            },
            "notification-url": "https://packagist.org/downloads/",
            "license": [
                "BSD-3-Clause"
            ],
            "description": "provides a nested object property based user interface for accessing this configuration data within application code",
            "homepage": "https://laminas.dev",
            "keywords": [
                "config",
                "laminas"
            ],
            "support": {
                "chat": "https://laminas.dev/chat",
                "docs": "https://docs.laminas.dev/laminas-config/",
                "forum": "https://discourse.laminas.dev",
                "issues": "https://github.com/laminas/laminas-config/issues",
                "rss": "https://github.com/laminas/laminas-config/releases.atom",
                "source": "https://github.com/laminas/laminas-config"
            },
            "abandoned": true,
            "time": "2019-12-31T16:30:03+00:00"
        },
        {
            "name": "laminas/laminas-hydrator",
            "version": "1.0.0",
            "source": {
                "type": "git",
                "url": "https://github.com/laminas/laminas-hydrator.git",
                "reference": "acab29a3327a70be0a653d88906655b15de15517"
            },
            "dist": {
                "type": "zip",
                "url": "https://api.github.com/repos/laminas/laminas-hydrator/zipball/acab29a3327a70be0a653d88906655b15de15517",
                "reference": "acab29a3327a70be0a653d88906655b15de15517",
                "shasum": ""
            },
            "require": {
                "laminas/laminas-stdlib": "^2.5.1",
                "laminas/laminas-zendframework-bridge": "^1.0",
                "php": ">=5.5"
            },
            "replace": {
                "zendframework/zend-hydrator": "self.version"
            },
            "require-dev": {
                "laminas/laminas-eventmanager": "^2.5.1",
                "laminas/laminas-filter": "^2.5.1",
                "laminas/laminas-inputfilter": "^2.5.1",
                "laminas/laminas-serializer": "^2.5.1",
                "laminas/laminas-servicemanager": "^2.5.1",
                "phpunit/phpunit": "~4.0",
                "squizlabs/php_codesniffer": "^2.0@dev"
            },
            "suggest": {
                "laminas/laminas-eventmanager": "^2.5.1, to support aggregate hydrator usage",
                "laminas/laminas-filter": "^2.5.1, to support naming strategy hydrator usage",
                "laminas/laminas-serializer": "^2.5.1, to use the SerializableStrategy",
                "laminas/laminas-servicemanager": "^2.5.1, to support hydrator plugin manager usage"
            },
            "type": "library",
            "extra": {
                "branch-alias": {
                    "dev-master": "1.0-dev",
                    "dev-develop": "1.1-dev"
                }
            },
            "autoload": {
                "psr-4": {
                    "Laminas\\Hydrator\\": "src/"
                }
            },
            "notification-url": "https://packagist.org/downloads/",
            "license": [
                "BSD-3-Clause"
            ],
            "homepage": "https://laminas.dev",
            "keywords": [
                "hydrator",
                "laminas"
            ],
            "support": {
                "chat": "https://laminas.dev/chat",
                "docs": "https://docs.laminas.dev/laminas-hydrator/",
                "forum": "https://discourse.laminas.dev",
                "issues": "https://github.com/laminas/laminas-hydrator/issues",
                "rss": "https://github.com/laminas/laminas-hydrator/releases.atom",
                "source": "https://github.com/laminas/laminas-hydrator"
            },
            "time": "2019-12-31T17:06:20+00:00"
        },
        {
            "name": "laminas/laminas-log",
            "version": "2.6.0",
            "source": {
                "type": "git",
                "url": "https://github.com/laminas/laminas-log.git",
                "reference": "67baa6db8d8a6300a1362acb01efe40e59ffcbeb"
            },
            "dist": {
                "type": "zip",
                "url": "https://api.github.com/repos/laminas/laminas-log/zipball/67baa6db8d8a6300a1362acb01efe40e59ffcbeb",
                "reference": "67baa6db8d8a6300a1362acb01efe40e59ffcbeb",
                "shasum": ""
            },
            "require": {
                "laminas/laminas-servicemanager": "~2.5",
                "laminas/laminas-stdlib": "~2.5",
                "laminas/laminas-zendframework-bridge": "^1.0",
                "php": ">=5.5",
                "psr/log": "~1.0"
            },
            "replace": {
                "zendframework/zend-log": "self.version"
            },
            "require-dev": {
                "fabpot/php-cs-fixer": "1.7.*",
                "laminas/laminas-console": "~2.5",
                "laminas/laminas-db": "~2.5",
                "laminas/laminas-escaper": "~2.5",
                "laminas/laminas-filter": "~2.5",
                "laminas/laminas-mail": "~2.5",
                "laminas/laminas-mvc": "~2.5",
                "laminas/laminas-validator": "~2.5",
                "phpunit/phpunit": "~4.0"
            },
            "suggest": {
                "ext-mongo": "mongodb extetension to use MongoDB writer",
                "laminas/laminas-console": "Laminas\\Console component to use the RequestID log processor",
                "laminas/laminas-db": "Laminas\\Db component to use the database log writer",
                "laminas/laminas-escaper": "Laminas\\Escaper component, for use in the XML log formatter",
                "laminas/laminas-mail": "Laminas\\Mail component to use the email log writer",
                "laminas/laminas-validator": "Laminas\\Validator component to block invalid log messages"
            },
            "type": "library",
            "extra": {
                "branch-alias": {
                    "dev-master": "2.6-dev",
                    "dev-develop": "2.7-dev"
                }
            },
            "autoload": {
                "psr-4": {
                    "Laminas\\Log\\": "src/"
                }
            },
            "notification-url": "https://packagist.org/downloads/",
            "license": [
                "BSD-3-Clause"
            ],
            "description": "component for general purpose logging",
            "homepage": "https://laminas.dev",
            "keywords": [
                "laminas",
                "log",
                "logging"
            ],
            "support": {
                "chat": "https://laminas.dev/chat",
                "docs": "https://docs.laminas.dev/laminas-log/",
                "forum": "https://discourse.laminas.dev",
                "issues": "https://github.com/laminas/laminas-log/issues",
                "rss": "https://github.com/laminas/laminas-log/releases.atom",
                "source": "https://github.com/laminas/laminas-log"
            },
            "abandoned": "monolog/monolog",
            "time": "2019-12-31T17:20:21+00:00"
        },
        {
            "name": "laminas/laminas-servicemanager",
            "version": "2.6.0",
            "source": {
                "type": "git",
                "url": "https://github.com/laminas/laminas-servicemanager.git",
                "reference": "953c9511cf75420cc8b6b31f5323aca53f4a89f3"
            },
            "dist": {
                "type": "zip",
                "url": "https://api.github.com/repos/laminas/laminas-servicemanager/zipball/953c9511cf75420cc8b6b31f5323aca53f4a89f3",
                "reference": "953c9511cf75420cc8b6b31f5323aca53f4a89f3",
                "shasum": ""
            },
            "require": {
                "container-interop/container-interop": "~1.0",
                "laminas/laminas-zendframework-bridge": "^1.0",
                "php": ">=5.5"
            },
            "replace": {
                "zendframework/zend-servicemanager": "self.version"
            },
            "require-dev": {
                "fabpot/php-cs-fixer": "1.7.*",
                "laminas/laminas-di": "~2.5",
                "laminas/laminas-mvc": "~2.5",
                "phpunit/phpunit": "~4.0"
            },
            "suggest": {
                "laminas/laminas-di": "Laminas\\Di component",
                "ocramius/proxy-manager": "ProxyManager 0.5.* to handle lazy initialization of services"
            },
            "type": "library",
            "extra": {
                "branch-alias": {
                    "dev-master": "2.6-dev",
                    "dev-develop": "2.7-dev"
                }
            },
            "autoload": {
                "psr-4": {
                    "Laminas\\ServiceManager\\": "src/"
                }
            },
            "notification-url": "https://packagist.org/downloads/",
            "license": [
                "BSD-3-Clause"
            ],
            "homepage": "https://laminas.dev",
            "keywords": [
                "laminas",
                "servicemanager"
            ],
            "support": {
                "chat": "https://laminas.dev/chat",
                "docs": "https://docs.laminas.dev/laminas-servicemanager/",
                "forum": "https://discourse.laminas.dev",
                "issues": "https://github.com/laminas/laminas-servicemanager/issues",
                "rss": "https://github.com/laminas/laminas-servicemanager/releases.atom",
                "source": "https://github.com/laminas/laminas-servicemanager"
            },
            "time": "2019-12-31T17:44:10+00:00"
        },
        {
            "name": "laminas/laminas-stdlib",
            "version": "2.7.4",
            "source": {
                "type": "git",
                "url": "https://github.com/laminas/laminas-stdlib.git",
                "reference": "b69e2741673daabdf720bc76668448ceb1e4c537"
            },
            "dist": {
                "type": "zip",
                "url": "https://api.github.com/repos/laminas/laminas-stdlib/zipball/b69e2741673daabdf720bc76668448ceb1e4c537",
                "reference": "b69e2741673daabdf720bc76668448ceb1e4c537",
                "shasum": ""
            },
            "require": {
                "laminas/laminas-hydrator": "~1.0",
                "laminas/laminas-zendframework-bridge": "^1.0",
                "php": ">=5.5"
            },
            "replace": {
                "zendframework/zend-stdlib": "self.version"
            },
            "require-dev": {
                "athletic/athletic": "~0.1",
                "fabpot/php-cs-fixer": "1.7.*",
                "laminas/laminas-config": "~2.5",
                "laminas/laminas-eventmanager": "~2.5",
                "laminas/laminas-filter": "~2.5",
                "laminas/laminas-inputfilter": "~2.5",
                "laminas/laminas-serializer": "~2.5",
                "laminas/laminas-servicemanager": "~2.5",
                "phpunit/phpunit": "~4.0"
            },
            "suggest": {
                "laminas/laminas-eventmanager": "To support aggregate hydrator usage",
                "laminas/laminas-filter": "To support naming strategy hydrator usage",
                "laminas/laminas-serializer": "Laminas\\Serializer component",
                "laminas/laminas-servicemanager": "To support hydrator plugin manager usage"
            },
            "type": "library",
            "extra": {
                "branch-alias": {
                    "dev-master": "2.7-dev",
                    "dev-develop": "2.8-dev"
                }
            },
            "autoload": {
                "psr-4": {
                    "Laminas\\Stdlib\\": "src/"
                }
            },
            "notification-url": "https://packagist.org/downloads/",
            "license": [
                "BSD-3-Clause"
            ],
            "homepage": "https://laminas.dev",
            "keywords": [
                "laminas",
                "stdlib"
            ],
            "support": {
                "chat": "https://laminas.dev/chat",
                "docs": "https://docs.laminas.dev/laminas-stdlib/",
                "forum": "https://discourse.laminas.dev",
                "issues": "https://github.com/laminas/laminas-stdlib/issues",
                "rss": "https://github.com/laminas/laminas-stdlib/releases.atom",
                "source": "https://github.com/laminas/laminas-stdlib"
            },
            "time": "2019-12-31T17:51:00+00:00"
        },
        {
            "name": "laminas/laminas-zendframework-bridge",
            "version": "1.3.0",
            "source": {
                "type": "git",
                "url": "https://github.com/laminas/laminas-zendframework-bridge.git",
                "reference": "13af2502d9bb6f7d33be2de4b51fb68c6cdb476e"
            },
            "dist": {
                "type": "zip",
                "url": "https://api.github.com/repos/laminas/laminas-zendframework-bridge/zipball/13af2502d9bb6f7d33be2de4b51fb68c6cdb476e",
                "reference": "13af2502d9bb6f7d33be2de4b51fb68c6cdb476e",
                "shasum": ""
            },
            "require": {
                "php": "^7.3 || ^8.0"
            },
            "require-dev": {
                "phpunit/phpunit": "^5.7 || ^6.5 || ^7.5 || ^8.1 || ^9.3",
                "psalm/plugin-phpunit": "^0.15.1",
                "squizlabs/php_codesniffer": "^3.5",
                "vimeo/psalm": "^4.6"
            },
            "type": "library",
            "extra": {
                "laminas": {
                    "module": "Laminas\\ZendFrameworkBridge"
                }
            },
            "autoload": {
                "files": [
                    "src/autoload.php"
                ],
                "psr-4": {
                    "Laminas\\ZendFrameworkBridge\\": "src//"
                }
            },
            "notification-url": "https://packagist.org/downloads/",
            "license": [
                "BSD-3-Clause"
            ],
            "description": "Alias legacy ZF class names to Laminas Project equivalents.",
            "keywords": [
                "ZendFramework",
                "autoloading",
                "laminas",
                "zf"
            ],
            "support": {
                "forum": "https://discourse.laminas.dev/",
                "issues": "https://github.com/laminas/laminas-zendframework-bridge/issues",
                "rss": "https://github.com/laminas/laminas-zendframework-bridge/releases.atom",
                "source": "https://github.com/laminas/laminas-zendframework-bridge"
            },
            "funding": [
                {
                    "url": "https://funding.communitybridge.org/projects/laminas-project",
                    "type": "community_bridge"
                }
            ],
            "abandoned": true,
            "time": "2021-06-24T12:49:22+00:00"
        },
        {
            "name": "psr/container",
            "version": "1.1.2",
            "source": {
                "type": "git",
                "url": "https://github.com/php-fig/container.git",
                "reference": "513e0666f7216c7459170d56df27dfcefe1689ea"
            },
            "dist": {
                "type": "zip",
                "url": "https://api.github.com/repos/php-fig/container/zipball/513e0666f7216c7459170d56df27dfcefe1689ea",
                "reference": "513e0666f7216c7459170d56df27dfcefe1689ea",
                "shasum": ""
            },
            "require": {
                "php": ">=7.4.0"
            },
            "type": "library",
            "autoload": {
                "psr-4": {
                    "Psr\\Container\\": "src/"
                }
            },
            "notification-url": "https://packagist.org/downloads/",
            "license": [
                "MIT"
            ],
            "authors": [
                {
                    "name": "PHP-FIG",
                    "homepage": "https://www.php-fig.org/"
                }
            ],
            "description": "Common Container Interface (PHP FIG PSR-11)",
            "homepage": "https://github.com/php-fig/container",
            "keywords": [
                "PSR-11",
                "container",
                "container-interface",
                "container-interop",
                "psr"
            ],
            "support": {
                "issues": "https://github.com/php-fig/container/issues",
                "source": "https://github.com/php-fig/container/tree/1.1.2"
            },
            "time": "2021-11-05T16:50:12+00:00"
        },
        {
            "name": "psr/log",
            "version": "1.1.4",
            "source": {
                "type": "git",
                "url": "https://github.com/php-fig/log.git",
                "reference": "d49695b909c3b7628b6289db5479a1c204601f11"
            },
            "dist": {
                "type": "zip",
                "url": "https://api.github.com/repos/php-fig/log/zipball/d49695b909c3b7628b6289db5479a1c204601f11",
                "reference": "d49695b909c3b7628b6289db5479a1c204601f11",
                "shasum": ""
            },
            "require": {
                "php": ">=5.3.0"
            },
            "type": "library",
            "extra": {
                "branch-alias": {
                    "dev-master": "1.1.x-dev"
                }
            },
            "autoload": {
                "psr-4": {
                    "Psr\\Log\\": "Psr/Log/"
                }
            },
            "notification-url": "https://packagist.org/downloads/",
            "license": [
                "MIT"
            ],
            "authors": [
                {
                    "name": "PHP-FIG",
                    "homepage": "https://www.php-fig.org/"
                }
            ],
            "description": "Common interface for logging libraries",
            "homepage": "https://github.com/php-fig/log",
            "keywords": [
                "log",
                "psr",
                "psr-3"
            ],
            "support": {
                "source": "https://github.com/php-fig/log/tree/1.1.4"
            },
            "time": "2021-05-03T11:20:27+00:00"
        }
    ],
    "packages-dev": [
        {
            "name": "phpstan/phpstan",
            "version": "1.12.32",
            "dist": {
                "type": "zip",
                "url": "https://api.github.com/repos/phpstan/phpstan/zipball/2770dcdf5078d0b0d53f94317e06affe88419aa8",
                "reference": "2770dcdf5078d0b0d53f94317e06affe88419aa8",
                "shasum": ""
            },
            "require": {
                "php": "^7.2|^8.0"
            },
            "conflict": {
                "phpstan/phpstan-shim": "*"
            },
            "bin": [
                "phpstan",
                "phpstan.phar"
            ],
            "type": "library",
            "autoload": {
                "files": [
                    "bootstrap.php"
                ]
            },
            "notification-url": "https://packagist.org/downloads/",
            "license": [
                "MIT"
            ],
            "description": "PHPStan - PHP Static Analysis Tool",
            "keywords": [
                "dev",
                "static analysis"
            ],
            "support": {
                "docs": "https://phpstan.org/user-guide/getting-started",
                "forum": "https://github.com/phpstan/phpstan/discussions",
                "issues": "https://github.com/phpstan/phpstan/issues",
                "security": "https://github.com/phpstan/phpstan/security/policy",
                "source": "https://github.com/phpstan/phpstan-src"
            },
            "funding": [
                {
                    "url": "https://github.com/ondrejmirtes",
                    "type": "github"
                },
                {
                    "url": "https://github.com/phpstan",
                    "type": "github"
                }
            ],
            "time": "2025-09-30T10:16:31+00:00"
        }
    ],
    "aliases": [],
    "minimum-stability": "stable",
    "stability-flags": {},
    "prefer-stable": false,
    "prefer-lowest": false,
    "platform": {
        "php": "8.1 - 8.4"
    },
    "platform-dev": {},
    "platform-overrides": {
        "php": "8.4"
    },
    "plugin-api-version": "2.6.0"
}
